// !$*UTF8*$!
{
	archiveVersion = 1;
	classes = {
	};
	objectVersion = 55;
	objects = {

/* Begin PBXBuildFile section */
		29E1406B281939900000F388 /* main.m in Sources */ = {isa = PBXBuildFile; fileRef = 29E1406A281939900000F388 /* main.m */; };
		29E1407528193A000000F388 /* RSPassenger.m in Sources */ = {isa = PBXBuildFile; fileRef = 29E1407428193A000000F388 /* RSPassenger.m */; };
		29E1407928193B540000F388 /* RSVehicle.m in Sources */ = {isa = PBXBuildFile; fileRef = 29E1407828193B540000F388 /* RSVehicle.m */; };
		29E1408028193E590000F388 /* RSCar.m in Sources */ = {isa = PBXBuildFile; fileRef = 29E1407F28193E590000F388 /* RSCar.m */; };
		29E1408528193EEA0000F388 /* RSCarPort.m in Sources */ = {isa = PBXBuildFile; fileRef = 29E1408428193EEA0000F388 /* RSCarPort.m */; };
		29E14087281941730000F388 /* RSEnterable.h in Sources */ = {isa = PBXBuildFile; fileRef = 29E14086281941730000F388 /* RSEnterable.h */; };
/* End PBXBuildFile section */

/* Begin PBXCopyFilesBuildPhase section */
		29E14065281939900000F388 /* CopyFiles */ = {
			isa = PBXCopyFilesBuildPhase;
			buildActionMask = 2147483647;
			dstPath = /usr/share/man/man1/;
			dstSubfolderSpec = 0;
			files = (
			);
			runOnlyForDeploymentPostprocessing = 1;
		};
/* End PBXCopyFilesBuildPhase section */

/* Begin PBXFileReference section */
		29E14067281939900000F388 /* Objective-C Fundamentals */ = {isa = PBXFileReference; explicitFileType = "compiled.mach-o.executable"; includeInIndex = 0; path = "Objective-C Fundamentals"; sourceTree = BUILT_PRODUCTS_DIR; };
		29E1406A281939900000F388 /* main.m */ = {isa = PBXFileReference; lastKnownFileType = sourcecode.c.objc; path = main.m; sourceTree = "<group>"; };
		29E1407328193A000000F388 /* RSPassenger.h */ = {isa = PBXFileReference; lastKnownFileType = sourcecode.c.h; path = RSPassenger.h; sourceTree = "<group>"; };
		29E1407428193A000000F388 /* RSPassenger.m */ = {isa = PBXFileReference; lastKnownFileType = sourcecode.c.objc; path = RSPassenger.m; sourceTree = "<group>"; };
		29E1407728193B540000F388 /* RSVehicle.h */ = {isa = PBXFileReference; lastKnownFileType = sourcecode.c.h; path = RSVehicle.h; sourceTree = "<group>"; };
		29E1407828193B540000F388 /* RSVehicle.m */ = {isa = PBXFileReference; lastKnownFileType = sourcecode.c.objc; path = RSVehicle.m; sourceTree = "<group>"; };
		29E1407E28193E590000F388 /* RSCar.h */ = {isa = PBXFileReference; lastKnownFileType = sourcecode.c.h; path = RSCar.h; sourceTree = "<group>"; };
		29E1407F28193E590000F388 /* RSCar.m */ = {isa = PBXFileReference; lastKnownFileType = sourcecode.c.objc; path = RSCar.m; sourceTree = "<group>"; };
		29E1408328193EEA0000F388 /* RSCarPort.h */ = {isa = PBXFileReference; lastKnownFileType = sourcecode.c.h; path = RSCarPort.h; sourceTree = "<group>"; };
		29E1408428193EEA0000F388 /* RSCarPort.m */ = {isa = PBXFileReference; lastKnownFileType = sourcecode.c.objc; path = RSCarPort.m; sourceTree = "<group>"; };
		29E14086281941730000F388 /* RSEnterable.h */ = {isa = PBXFileReference; lastKnownFileType = sourcecode.c.h; path = RSEnterable.h; sourceTree = "<group>"; };
/* End PBXFileReference section */

/* Begin PBXFrameworksBuildPhase section */
		29E14064281939900000F388 /* Frameworks */ = {
			isa = PBXFrameworksBuildPhase;
			buildActionMask = 2147483647;
			files = (
			);
			runOnlyForDeploymentPostprocessing = 0;
		};
/* End PBXFrameworksBuildPhase section */

/* Begin PBXGroup section */
		29E1405E281939900000F388 = {
			isa = PBXGroup;
			children = (
				29E14069281939900000F388 /* Objective-C Fundamentals */,
				29E14068281939900000F388 /* Products */,
			);
			sourceTree = "<group>";
		};
		29E14068281939900000F388 /* Products */ = {
			isa = PBXGroup;
			children = (
				29E14067281939900000F388 /* Objective-C Fundamentals */,
			);
			name = Products;
			sourceTree = "<group>";
		};
		29E14069281939900000F388 /* Objective-C Fundamentals */ = {
			isa = PBXGroup;
			children = (
				29E14071281939C50000F388 /* Model */,
				29E1406A281939900000F388 /* main.m */,
			);
			path = "Objective-C Fundamentals";
			sourceTree = "<group>";
		};
		29E14071281939C50000F388 /* Model */ = {
			isa = PBXGroup;
			children = (
				29E1408128193ED20000F388 /* Port */,
				29E1407A28193E2B0000F388 /* Car */,
				29E1407628193B430000F388 /* Vehicle */,
				29E14072281939E90000F388 /* Passenger */,
			);
			path = Model;
			sourceTree = "<group>";
		};
		29E14072281939E90000F388 /* Passenger */ = {
			isa = PBXGroup;
			children = (
				29E1407328193A000000F388 /* RSPassenger.h */,
				29E1407428193A000000F388 /* RSPassenger.m */,
			);
			path = Passenger;
			sourceTree = "<group>";
		};
		29E1407628193B430000F388 /* Vehicle */ = {
			isa = PBXGroup;
			children = (
				29E1407728193B540000F388 /* RSVehicle.h */,
				29E1407828193B540000F388 /* RSVehicle.m */,
			);
			path = Vehicle;
			sourceTree = "<group>";
		};
		29E1407A28193E2B0000F388 /* Car */ = {
			isa = PBXGroup;
			children = (
				29E1407E28193E590000F388 /* RSCar.h */,
				29E1407F28193E590000F388 /* RSCar.m */,
			);
			path = Car;
			sourceTree = "<group>";
		};
		29E1408128193ED20000F388 /* Port */ = {
			isa = PBXGroup;
			children = (
				29E1408228193EDA0000F388 /* CarPort */,
			);
			path = Port;
			sourceTree = "<group>";
		};
		29E1408228193EDA0000F388 /* CarPort */ = {
			isa = PBXGroup;
			children = (
				29E1408328193EEA0000F388 /* RSCarPort.h */,
				29E1408428193EEA0000F388 /* RSCarPort.m */,
				29E14086281941730000F388 /* RSEnterable.h */,
			);
			path = CarPort;
			sourceTree = "<group>";
		};
/* End PBXGroup section */

/* Begin PBXNativeTarget section */
		29E14066281939900000F388 /* Objective-C Fundamentals */ = {
			isa = PBXNativeTarget;
			buildConfigurationList = 29E1406E281939900000F388 /* Build configuration list for PBXNativeTarget "Objective-C Fundamentals" */;
			buildPhases = (
				29E14063281939900000F388 /* Sources */,
				29E14064281939900000F388 /* Frameworks */,
				29E14065281939900000F388 /* CopyFiles */,
			);
			buildRules = (
			);
			dependencies = (
			);
			name = "Objective-C Fundamentals";
			productName = "Objective-C Fundamentals";
			productReference = 29E14067281939900000F388 /* Objective-C Fundamentals */;
			productType = "com.apple.product-type.tool";
		};
/* End PBXNativeTarget section */

/* Begin PBXProject section */
		29E1405F281939900000F388 /* Project object */ = {
			isa = PBXProject;
			attributes = {
				BuildIndependentTargetsInParallel = 1;
				LastUpgradeCheck = 1330;
				TargetAttributes = {
					29E14066281939900000F388 = {
						CreatedOnToolsVersion = 13.3.1;
					};
				};
			};
			buildConfigurationList = 29E14062281939900000F388 /* Build configuration list for PBXProject "Objective-C Fundamentals" */;
			compatibilityVersion = "Xcode 13.0";
			developmentRegion = en;
			hasScannedForEncodings = 0;
			knownRegions = (
				en,
				Base,
			);
			mainGroup = 29E1405E281939900000F388;
			productRefGroup = 29E14068281939900000F388 /* Products */;
			projectDirPath = "";
			projectRoot = "";
			targets = (
				29E14066281939900000F388 /* Objective-C Fundamentals */,
			);
		};
/* End PBXProject section */

/* Begin PBXSourcesBuildPhase section */
		29E14063281939900000F388 /* Sources */ = {
			isa = PBXSourcesBuildPhase;
			buildActionMask = 2147483647;
			files = (
				29E1408528193EEA0000F388 /* RSCarPort.m in Sources */,
				29E1406B281939900000F388 /* main.m in Sources */,
				29E1408028193E590000F388 /* RSCar.m in Sources */,
				29E1407528193A000000F388 /* RSPassenger.m in Sources */,
				29E1407928193B540000F388 /* RSVehicle.m in Sources */,
				29E14087281941730000F388 /* RSEnterable.h in Sources */,
			);
			runOnlyForDeploymentPostprocessing = 0;
		};
/* End PBXSourcesBuildPhase section */

/* Begin XCBuildConfiguration section */
		29E1406C281939900000F388 /* Debug */ = {
			isa = XCBuildConfiguration;
			buildSettings = {
				ALWAYS_SEARCH_USER_PATHS = NO;
				CLANG_ANALYZER_NONNULL = YES;
				CLANG_ANALYZER_NUMBER_OBJECT_CONVERSION = YES_AGGRESSIVE;
				CLANG_CXX_LANGUAGE_STANDARD = "gnu++17";
				CLANG_ENABLE_MODULES = YES;
				CLANG_ENABLE_OBJC_ARC = YES;
				CLANG_ENABLE_OBJC_WEAK = YES;
				CLANG_WARN_BLOCK_CAPTURE_AUTORELEASING = YES;
				CLANG_WARN_BOOL_CONVERSION = YES;
				CLANG_WARN_COMMA = YES;
				CLANG_WARN_CONSTANT_CONVERSION = YES;
				CLANG_WARN_DEPRECATED_OBJC_IMPLEMENTATIONS = YES;
				CLANG_WARN_DIRECT_OBJC_ISA_USAGE = YES_ERROR;
				CLANG_WARN_DOCUMENTATION_COMMENTS = YES;
				CLANG_WARN_EMPTY_BODY = YES;
				CLANG_WARN_ENUM_CONVERSION = YES;
				CLANG_WARN_INFINITE_RECURSION = YES;
				CLANG_WARN_INT_CONVERSION = YES;
				CLANG_WARN_NON_LITERAL_NULL_CONVERSION = YES;
				CLANG_WARN_OBJC_IMPLICIT_RETAIN_SELF = YES;
				CLANG_WARN_OBJC_LITERAL_CONVERSION = YES;
				CLANG_WARN_OBJC_ROOT_CLASS = YES_ERROR;
				CLANG_WARN_QUOTED_INCLUDE_IN_FRAMEWORK_HEADER = YES;
				CLANG_WARN_RANGE_LOOP_ANALYSIS = YES;
				CLANG_WARN_STRICT_PROTOTYPES = YES;
				CLANG_WARN_SUSPICIOUS_MOVE = YES;
				CLANG_WARN_UNGUARDED_AVAILABILITY = YES_AGGRESSIVE;
				CLANG_WARN_UNREACHABLE_CODE = YES;
				CLANG_WARN__DUPLICATE_METHOD_MATCH = YES;
				COPY_PHASE_STRIP = NO;
				DEBUG_INFORMATION_FORMAT = dwarf;
				ENABLE_STRICT_OBJC_MSGSEND = YES;
				ENABLE_TESTABILITY = YES;
				GCC_C_LANGUAGE_STANDARD = gnu11;
				GCC_DYNAMIC_NO_PIC = NO;
				GCC_NO_COMMON_BLOCKS = YES;
				GCC_OPTIMIZATION_LEVEL = 0;
				GCC_PREPROCESSOR_DEFINITIONS = (
					"DEBUG=1",
					"$(inherited)",
				);
				GCC_WARN_64_TO_32_BIT_CONVERSION = YES;
				GCC_WARN_ABOUT_RETURN_TYPE = YES_ERROR;
				GCC_WARN_UNDECLARED_SELECTOR = YES;
				GCC_WARN_UNINITIALIZED_AUTOS = YES_AGGRESSIVE;
				GCC_WARN_UNUSED_FUNCTION = YES;
				GCC_WARN_UNUSED_VARIABLE = YES;
				MACOSX_DEPLOYMENT_TARGET = 12.3;
				MTL_ENABLE_DEBUG_INFO = INCLUDE_SOURCE;
				MTL_FAST_MATH = YES;
				ONLY_ACTIVE_ARCH = YES;
				SDKROOT = macosx;
			};
			name = Debug;
		};
		29E1406D281939900000F388 /* Release */ = {
			isa = XCBuildConfiguration;
			buildSettings = {
				ALWAYS_SEARCH_USER_PATHS = NO;
				CLANG_ANALYZER_NONNULL = YES;
				CLANG_ANALYZER_NUMBER_OBJECT_CONVERSION = YES_AGGRESSIVE;
				CLANG_CXX_LANGUAGE_STANDARD = "gnu++17";
				CLANG_ENABLE_MODULES = YES;
				CLANG_ENABLE_OBJC_ARC = YES;
				CLANG_ENABLE_OBJC_WEAK = YES;
				CLANG_WARN_BLOCK_CAPTURE_AUTORELEASING = YES;
				CLANG_WARN_BOOL_CONVERSION = YES;
				CLANG_WARN_COMMA = YES;
				CLANG_WARN_CONSTANT_CONVERSION = YES;
				CLANG_WARN_DEPRECATED_OBJC_IMPLEMENTATIONS = YES;
				CLANG_WARN_DIRECT_OBJC_ISA_USAGE = YES_ERROR;
				CLANG_WARN_DOCUMENTATION_COMMENTS = YES;
				CLANG_WARN_EMPTY_BODY = YES;
				CLANG_WARN_ENUM_CONVERSION = YES;
				CLANG_WARN_INFINITE_RECURSION = YES;
				CLANG_WARN_INT_CONVERSION = YES;
				CLANG_WARN_NON_LITERAL_NULL_CONVERSION = YES;
				CLANG_WARN_OBJC_IMPLICIT_RETAIN_SELF = YES;
				CLANG_WARN_OBJC_LITERAL_CONVERSION = YES;
				CLANG_WARN_OBJC_ROOT_CLASS = YES_ERROR;
				CLANG_WARN_QUOTED_INCLUDE_IN_FRAMEWORK_HEADER = YES;
				CLANG_WARN_RANGE_LOOP_ANALYSIS = YES;
				CLANG_WARN_STRICT_PROTOTYPES = YES;
				CLANG_WARN_SUSPICIOUS_MOVE = YES;
				CLANG_WARN_UNGUARDED_AVAILABILITY = YES_AGGRESSIVE;
				CLANG_WARN_UNREACHABLE_CODE = YES;
				CLANG_WARN__DUPLICATE_METHOD_MATCH = YES;
				COPY_PHASE_STRIP = NO;
				DEBUG_INFORMATION_FORMAT = "dwarf-with-dsym";
				ENABLE_NS_ASSERTIONS = NO;
				ENABLE_STRICT_OBJC_MSGSEND = YES;
				GCC_C_LANGUAGE_STANDARD = gnu11;
				GCC_NO_COMMON_BLOCKS = YES;
				GCC_WARN_64_TO_32_BIT_CONVERSION = YES;
				GCC_WARN_ABOUT_RETURN_TYPE = YES_ERROR;
				GCC_WARN_UNDECLARED_SELECTOR = YES;
				GCC_WARN_UNINITIALIZED_AUTOS = YES_AGGRESSIVE;
				GCC_WARN_UNUSED_FUNCTION = YES;
				GCC_WARN_UNUSED_VARIABLE = YES;
				MACOSX_DEPLOYMENT_TARGET = 12.3;
				MTL_ENABLE_DEBUG_INFO = NO;
				MTL_FAST_MATH = YES;
				SDKROOT = macosx;
			};
			name = Release;
		};
		29E1406F281939900000F388 /* Debug */ = {
			isa = XCBuildConfiguration;
			buildSettings = {
				CODE_SIGN_STYLE = Automatic;
				DEVELOPMENT_TEAM = A53U52H77W;
				ENABLE_HARDENED_RUNTIME = YES;
				PRODUCT_NAME = "$(TARGET_NAME)";
			};
			name = Debug;
		};
		29E14070281939900000F388 /* Release */ = {
			isa = XCBuildConfiguration;
			buildSettings = {
				CODE_SIGN_STYLE = Automatic;
				DEVELOPMENT_TEAM = A53U52H77W;
				ENABLE_HARDENED_RUNTIME = YES;
				PRODUCT_NAME = "$(TARGET_NAME)";
			};
			name = Release;
		};
/* End XCBuildConfiguration section */

/* Begin XCConfigurationList section */
		29E14062281939900000F388 /* Build configuration list for PBXProject "Objective-C Fundamentals" */ = {
			isa = XCConfigurationList;
			buildConfigurations = (
				29E1406C281939900000F388 /* Debug */,
				29E1406D281939900000F388 /* Release */,
			);
			defaultConfigurationIsVisible = 0;
			defaultConfigurationName = Release;
		};
		29E1406E281939900000F388 /* Build configuration list for PBXNativeTarget "Objective-C Fundamentals" */ = {
			isa = XCConfigurationList;
			buildConfigurations = (
				29E1406F281939900000F388 /* Debug */,
				29E14070281939900000F388 /* Release */,
			);
			defaultConfigurationIsVisible = 0;
			defaultConfigurationName = Release;
		};
/* End XCConfigurationList section */
	};
	rootObject = 29E1405F281939900000F388 /* Project object */;
}
